// !$*UTF8*$!
{
	archiveVersion = 1;
	classes = {
	};
	objectVersion = 77;
	objects = {

/* Begin PBXContainerItemProxy section */
		2AFEA8322D98E699006EDE77 /* PBXContainerItemProxy */ = {
			isa = PBXContainerItemProxy;
			containerPortal = 2AFEA8192D98E698006EDE77 /* Project object */;
			proxyType = 1;
			remoteGlobalIDString = 2AFEA8202D98E698006EDE77;
			remoteInfo = RecycLense;
		};
		2AFEA83C2D98E699006EDE77 /* PBXContainerItemProxy */ = {
			isa = PBXContainerItemProxy;
			containerPortal = 2AFEA8192D98E698006EDE77 /* Project object */;
			proxyType = 1;
			remoteGlobalIDString = 2AFEA8202D98E698006EDE77;
			remoteInfo = RecycLense;
		};
/* End PBXContainerItemProxy section */

/* Begin PBXFileReference section */
		2AFEA8212D98E698006EDE77 /* RL_FrontEnd.app */ = {isa = PBXFileReference; explicitFileType = wrapper.application; includeInIndex = 0; path = RL_FrontEnd.app; sourceTree = BUILT_PRODUCTS_DIR; };
		2AFEA8312D98E699006EDE77 /* RL_FrontEndTests.xctest */ = {isa = PBXFileReference; explicitFileType = wrapper.cfbundle; includeInIndex = 0; path = RL_FrontEndTests.xctest; sourceTree = BUILT_PRODUCTS_DIR; };
		2AFEA83B2D98E699006EDE77 /* RL_FrontEndUITests.xctest */ = {isa = PBXFileReference; explicitFileType = wrapper.cfbundle; includeInIndex = 0; path = RL_FrontEndUITests.xctest; sourceTree = BUILT_PRODUCTS_DIR; };
/* End PBXFileReference section */

/* Begin PBXFileSystemSynchronizedRootGroup section */
		2AFEA8232D98E698006EDE77 /* RecycLense */ = {
			isa = PBXFileSystemSynchronizedRootGroup;
			path = RecycLense;
			sourceTree = "<group>";
		};
		2AFEA8342D98E699006EDE77 /* RecycLenseTests */ = {
			isa = PBXFileSystemSynchronizedRootGroup;
			path = RecycLenseTests;
			sourceTree = "<group>";
		};
		2AFEA83E2D98E699006EDE77 /* RecycLenseUITests */ = {
			isa = PBXFileSystemSynchronizedRootGroup;
			path = RecycLenseUITests;
			sourceTree = "<group>";
		};
/* End PBXFileSystemSynchronizedRootGroup section */

/* Begin PBXFrameworksBuildPhase section */
		2AFEA81E2D98E698006EDE77 /* Frameworks */ = {
			isa = PBXFrameworksBuildPhase;
			buildActionMask = 2147483647;
			files = (
			);
			runOnlyForDeploymentPostprocessing = 0;
		};
		2AFEA82E2D98E699006EDE77 /* Frameworks */ = {
			isa = PBXFrameworksBuildPhase;
			buildActionMask = 2147483647;
			files = (
			);
			runOnlyForDeploymentPostprocessing = 0;
		};
		2AFEA8382D98E699006EDE77 /* Frameworks */ = {
			isa = PBXFrameworksBuildPhase;
			buildActionMask = 2147483647;
			files = (
			);
			runOnlyForDeploymentPostprocessing = 0;
		};
/* End PBXFrameworksBuildPhase section */

/* Begin PBXGroup section */
		2AFEA8182D98E698006EDE77 = {
			isa = PBXGroup;
			children = (
				2AFEA8232D98E698006EDE77 /* RecycLense */,
				2AFEA8342D98E699006EDE77 /* RecycLenseTests */,
				2AFEA83E2D98E699006EDE77 /* RecycLenseUITests */,
				2AFEA8222D98E698006EDE77 /* Products */,
			);
			sourceTree = "<group>";
		};
		2AFEA8222D98E698006EDE77 /* Products */ = {
			isa = PBXGroup;
			children = (
				2AFEA8212D98E698006EDE77 /* RL_FrontEnd.app */,
				2AFEA8312D98E699006EDE77 /* RL_FrontEndTests.xctest */,
				2AFEA83B2D98E699006EDE77 /* RL_FrontEndUITests.xctest */,
			);
			name = Products;
			sourceTree = "<group>";
		};
/* End PBXGroup section */

/* Begin PBXNativeTarget section */
		2AFEA8202D98E698006EDE77 /* RL_FrontEnd */ = {
			isa = PBXNativeTarget;
			buildConfigurationList = 2AFEA8452D98E699006EDE77 /* Build configuration list for PBXNativeTarget "RL_FrontEnd" */;
			buildPhases = (
				2AFEA81D2D98E698006EDE77 /* Sources */,
				2AFEA81E2D98E698006EDE77 /* Frameworks */,
				2AFEA81F2D98E698006EDE77 /* Resources */,
			);
			buildRules = (
			);
			dependencies = (
			);
			fileSystemSynchronizedGroups = (
				2AFEA8232D98E698006EDE77 /* RecycLense */,
			);
			name = RL_FrontEnd;
			packageProductDependencies = (
			);
			productName = RecycLense;
			productReference = 2AFEA8212D98E698006EDE77 /* RL_FrontEnd.app */;
			productType = "com.apple.product-type.application";
		};
		2AFEA8302D98E699006EDE77 /* RL_FrontEndTests */ = {
			isa = PBXNativeTarget;
			buildConfigurationList = 2AFEA8482D98E699006EDE77 /* Build configuration list for PBXNativeTarget "RL_FrontEndTests" */;
			buildPhases = (
				2AFEA82D2D98E699006EDE77 /* Sources */,
				2AFEA82E2D98E699006EDE77 /* Frameworks */,
				2AFEA82F2D98E699006EDE77 /* Resources */,
			);
			buildRules = (
			);
			dependencies = (
				2AFEA8332D98E699006EDE77 /* PBXTargetDependency */,
			);
			fileSystemSynchronizedGroups = (
				2AFEA8342D98E699006EDE77 /* RecycLenseTests */,
			);
			name = RL_FrontEndTests;
			packageProductDependencies = (
			);
			productName = RecycLenseTests;
			productReference = 2AFEA8312D98E699006EDE77 /* RL_FrontEndTests.xctest */;
			productType = "com.apple.product-type.bundle.unit-test";
		};
		2AFEA83A2D98E699006EDE77 /* RL_FrontEndUITests */ = {
			isa = PBXNativeTarget;
			buildConfigurationList = 2AFEA84B2D98E699006EDE77 /* Build configuration list for PBXNativeTarget "RL_FrontEndUITests" */;
			buildPhases = (
				2AFEA8372D98E699006EDE77 /* Sources */,
				2AFEA8382D98E699006EDE77 /* Frameworks */,
				2AFEA8392D98E699006EDE77 /* Resources */,
			);
			buildRules = (
			);
			dependencies = (
				2AFEA83D2D98E699006EDE77 /* PBXTargetDependency */,
			);
			fileSystemSynchronizedGroups = (
				2AFEA83E2D98E699006EDE77 /* RecycLenseUITests */,
			);
			name = RL_FrontEndUITests;
			packageProductDependencies = (
			);
			productName = RecycLenseUITests;
			productReference = 2AFEA83B2D98E699006EDE77 /* RL_FrontEndUITests.xctest */;
			productType = "com.apple.product-type.bundle.ui-testing";
		};
/* End PBXNativeTarget section */

/* Begin PBXProject section */
		2AFEA8192D98E698006EDE77 /* Project object */ = {
			isa = PBXProject;
			attributes = {
				BuildIndependentTargetsInParallel = 1;
				LastSwiftUpdateCheck = 1620;
				LastUpgradeCheck = 1620;
				TargetAttributes = {
					2AFEA8202D98E698006EDE77 = {
						CreatedOnToolsVersion = 16.2;
					};
					2AFEA8302D98E699006EDE77 = {
						CreatedOnToolsVersion = 16.2;
						TestTargetID = 2AFEA8202D98E698006EDE77;
					};
					2AFEA83A2D98E699006EDE77 = {
						CreatedOnToolsVersion = 16.2;
						TestTargetID = 2AFEA8202D98E698006EDE77;
					};
				};
			};
			buildConfigurationList = 2AFEA81C2D98E698006EDE77 /* Build configuration list for PBXProject "RL_FrontEnd" */;
			developmentRegion = en;
			hasScannedForEncodings = 0;
			knownRegions = (
				en,
				Base,
			);
			mainGroup = 2AFEA8182D98E698006EDE77;
			minimizedProjectReferenceProxies = 1;
			preferredProjectObjectVersion = 77;
			productRefGroup = 2AFEA8222D98E698006EDE77 /* Products */;
			projectDirPath = "";
			projectRoot = "";
			targets = (
				2AFEA8202D98E698006EDE77 /* RL_FrontEnd */,
				2AFEA8302D98E699006EDE77 /* RL_FrontEndTests */,
				2AFEA83A2D98E699006EDE77 /* RL_FrontEndUITests */,
			);
		};
/* End PBXProject section */

/* Begin PBXResourcesBuildPhase section */
		2AFEA81F2D98E698006EDE77 /* Resources */ = {
			isa = PBXResourcesBuildPhase;
			buildActionMask = 2147483647;
			files = (
			);
			runOnlyForDeploymentPostprocessing = 0;
		};
		2AFEA82F2D98E699006EDE77 /* Resources */ = {
			isa = PBXResourcesBuildPhase;
			buildActionMask = 2147483647;
			files = (
			);
			runOnlyForDeploymentPostprocessing = 0;
		};
		2AFEA8392D98E699006EDE77 /* Resources */ = {
			isa = PBXResourcesBuildPhase;
			buildActionMask = 2147483647;
			files = (
			);
			runOnlyForDeploymentPostprocessing = 0;
		};
/* End PBXResourcesBuildPhase section */

/* Begin PBXSourcesBuildPhase section */
		2AFEA81D2D98E698006EDE77 /* Sources */ = {
			isa = PBXSourcesBuildPhase;
			buildActionMask = 2147483647;
			files = (
			);
			runOnlyForDeploymentPostprocessing = 0;
		};
		2AFEA82D2D98E699006EDE77 /* Sources */ = {
			isa = PBXSourcesBuildPhase;
			buildActionMask = 2147483647;
			files = (
			);
			runOnlyForDeploymentPostprocessing = 0;
		};
		2AFEA8372D98E699006EDE77 /* Sources */ = {
			isa = PBXSourcesBuildPhase;
			buildActionMask = 2147483647;
			files = (
			);
			runOnlyForDeploymentPostprocessing = 0;
		};
/* End PBXSourcesBuildPhase section */

/* Begin PBXTargetDependency section */
		2AFEA8332D98E699006EDE77 /* PBXTargetDependency */ = {
			isa = PBXTargetDependency;
			target = 2AFEA8202D98E698006EDE77 /* RL_FrontEnd */;
			targetProxy = 2AFEA8322D98E699006EDE77 /* PBXContainerItemProxy */;
		};
		2AFEA83D2D98E699006EDE77 /* PBXTargetDependency */ = {
			isa = PBXTargetDependency;
			target = 2AFEA8202D98E698006EDE77 /* RL_FrontEnd */;
			targetProxy = 2AFEA83C2D98E699006EDE77 /* PBXContainerItemProxy */;
		};
/* End PBXTargetDependency section */

/* Begin XCBuildConfiguration section */
		2AFEA8432D98E699006EDE77 /* Debug */ = {
			isa = XCBuildConfiguration;
			buildSettings = {
				ALWAYS_SEARCH_USER_PATHS = NO;
				ASSETCATALOG_COMPILER_GENERATE_SWIFT_ASSET_SYMBOL_EXTENSIONS = YES;
				CLANG_ANALYZER_NONNULL = YES;
				CLANG_ANALYZER_NUMBER_OBJECT_CONVERSION = YES_AGGRESSIVE;
				CLANG_CXX_LANGUAGE_STANDARD = "gnu++20";
				CLANG_ENABLE_MODULES = YES;
				CLANG_ENABLE_OBJC_ARC = YES;
				CLANG_ENABLE_OBJC_WEAK = YES;
				CLANG_WARN_BLOCK_CAPTURE_AUTORELEASING = YES;
				CLANG_WARN_BOOL_CONVERSION = YES;
				CLANG_WARN_COMMA = YES;
				CLANG_WARN_CONSTANT_CONVERSION = YES;
				CLANG_WARN_DEPRECATED_OBJC_IMPLEMENTATIONS = YES;
				CLANG_WARN_DIRECT_OBJC_ISA_USAGE = YES_ERROR;
				CLANG_WARN_DOCUMENTATION_COMMENTS = YES;
				CLANG_WARN_EMPTY_BODY = YES;
				CLANG_WARN_ENUM_CONVERSION = YES;
				CLANG_WARN_INFINITE_RECURSION = YES;
				CLANG_WARN_INT_CONVERSION = YES;
				CLANG_WARN_NON_LITERAL_NULL_CONVERSION = YES;
				CLANG_WARN_OBJC_IMPLICIT_RETAIN_SELF = YES;
				CLANG_WARN_OBJC_LITERAL_CONVERSION = YES;
				CLANG_WARN_OBJC_ROOT_CLASS = YES_ERROR;
				CLANG_WARN_QUOTED_INCLUDE_IN_FRAMEWORK_HEADER = YES;
				CLANG_WARN_RANGE_LOOP_ANALYSIS = YES;
				CLANG_WARN_STRICT_PROTOTYPES = YES;
				CLANG_WARN_SUSPICIOUS_MOVE = YES;
				CLANG_WARN_UNGUARDED_AVAILABILITY = YES_AGGRESSIVE;
				CLANG_WARN_UNREACHABLE_CODE = YES;
				CLANG_WARN__DUPLICATE_METHOD_MATCH = YES;
				COPY_PHASE_STRIP = NO;
				DEBUG_INFORMATION_FORMAT = dwarf;
				ENABLE_STRICT_OBJC_MSGSEND = YES;
				ENABLE_TESTABILITY = YES;
				ENABLE_USER_SCRIPT_SANDBOXING = YES;
				GCC_C_LANGUAGE_STANDARD = gnu17;
				GCC_DYNAMIC_NO_PIC = NO;
				GCC_NO_COMMON_BLOCKS = YES;
				GCC_OPTIMIZATION_LEVEL = 0;
				GCC_PREPROCESSOR_DEFINITIONS = (
					"DEBUG=1",
					"$(inherited)",
				);
				GCC_WARN_64_TO_32_BIT_CONVERSION = YES;
				GCC_WARN_ABOUT_RETURN_TYPE = YES_ERROR;
				GCC_WARN_UNDECLARED_SELECTOR = YES;
				GCC_WARN_UNINITIALIZED_AUTOS = YES_AGGRESSIVE;
				GCC_WARN_UNUSED_FUNCTION = YES;
				GCC_WARN_UNUSED_VARIABLE = YES;
				IPHONEOS_DEPLOYMENT_TARGET = 18.2;
				LOCALIZATION_PREFERS_STRING_CATALOGS = YES;
				MTL_ENABLE_DEBUG_INFO = INCLUDE_SOURCE;
				MTL_FAST_MATH = YES;
				ONLY_ACTIVE_ARCH = YES;
				SDKROOT = iphoneos;
				SWIFT_ACTIVE_COMPILATION_CONDITIONS = "DEBUG $(inherited)";
				SWIFT_OPTIMIZATION_LEVEL = "-Onone";
			};
			name = Debug;
		};
		2AFEA8442D98E699006EDE77 /* Release */ = {
			isa = XCBuildConfiguration;
			buildSettings = {
				ALWAYS_SEARCH_USER_PATHS = NO;
				ASSETCATALOG_COMPILER_GENERATE_SWIFT_ASSET_SYMBOL_EXTENSIONS = YES;
				CLANG_ANALYZER_NONNULL = YES;
				CLANG_ANALYZER_NUMBER_OBJECT_CONVERSION = YES_AGGRESSIVE;
				CLANG_CXX_LANGUAGE_STANDARD = "gnu++20";
				CLANG_ENABLE_MODULES = YES;
				CLANG_ENABLE_OBJC_ARC = YES;
				CLANG_ENABLE_OBJC_WEAK = YES;
				CLANG_WARN_BLOCK_CAPTURE_AUTORELEASING = YES;
				CLANG_WARN_BOOL_CONVERSION = YES;
				CLANG_WARN_COMMA = YES;
				CLANG_WARN_CONSTANT_CONVERSION = YES;
				CLANG_WARN_DEPRECATED_OBJC_IMPLEMENTATIONS = YES;
				CLANG_WARN_DIRECT_OBJC_ISA_USAGE = YES_ERROR;
				CLANG_WARN_DOCUMENTATION_COMMENTS = YES;
				CLANG_WARN_EMPTY_BODY = YES;
				CLANG_WARN_ENUM_CONVERSION = YES;
				CLANG_WARN_INFINITE_RECURSION = YES;
				CLANG_WARN_INT_CONVERSION = YES;
				CLANG_WARN_NON_LITERAL_NULL_CONVERSION = YES;
				CLANG_WARN_OBJC_IMPLICIT_RETAIN_SELF = YES;
				CLANG_WARN_OBJC_LITERAL_CONVERSION = YES;
				CLANG_WARN_OBJC_ROOT_CLASS = YES_ERROR;
				CLANG_WARN_QUOTED_INCLUDE_IN_FRAMEWORK_HEADER = YES;
				CLANG_WARN_RANGE_LOOP_ANALYSIS = YES;
				CLANG_WARN_STRICT_PROTOTYPES = YES;
				CLANG_WARN_SUSPICIOUS_MOVE = YES;
				CLANG_WARN_UNGUARDED_AVAILABILITY = YES_AGGRESSIVE;
				CLANG_WARN_UNREACHABLE_CODE = YES;
				CLANG_WARN__DUPLICATE_METHOD_MATCH = YES;
				COPY_PHASE_STRIP = NO;
				DEBUG_INFORMATION_FORMAT = "dwarf-with-dsym";
				ENABLE_NS_ASSERTIONS = NO;
				ENABLE_STRICT_OBJC_MSGSEND = YES;
				ENABLE_USER_SCRIPT_SANDBOXING = YES;
				GCC_C_LANGUAGE_STANDARD = gnu17;
				GCC_NO_COMMON_BLOCKS = YES;
				GCC_WARN_64_TO_32_BIT_CONVERSION = YES;
				GCC_WARN_ABOUT_RETURN_TYPE = YES_ERROR;
				GCC_WARN_UNDECLARED_SELECTOR = YES;
				GCC_WARN_UNINITIALIZED_AUTOS = YES_AGGRESSIVE;
				GCC_WARN_UNUSED_FUNCTION = YES;
				GCC_WARN_UNUSED_VARIABLE = YES;
				IPHONEOS_DEPLOYMENT_TARGET = 18.2;
				LOCALIZATION_PREFERS_STRING_CATALOGS = YES;
				MTL_ENABLE_DEBUG_INFO = NO;
				MTL_FAST_MATH = YES;
				SDKROOT = iphoneos;
				SWIFT_COMPILATION_MODE = wholemodule;
				VALIDATE_PRODUCT = YES;
			};
			name = Release;
		};
		2AFEA8462D98E699006EDE77 /* Debug */ = {
			isa = XCBuildConfiguration;
			buildSettings = {
				ASSETCATALOG_COMPILER_APPICON_NAME = AppIcon;
				ASSETCATALOG_COMPILER_GLOBAL_ACCENT_COLOR_NAME = AccentColor;
				CODE_SIGN_STYLE = Automatic;
				CURRENT_PROJECT_VERSION = 1;
				DEVELOPMENT_ASSET_PATHS = "\"RecycLense/Preview Content\"";
				DEVELOPMENT_TEAM = C6CB6ZAX6P;
				ENABLE_PREVIEWS = YES;
				GENERATE_INFOPLIST_FILE = YES;
				INFOPLIST_KEY_NSCameraUsageDescription = "We need access to camera for app to work";
				INFOPLIST_KEY_NSPhotoLibraryUsageDescription = "We need access to photo library for app to function";
				INFOPLIST_KEY_UIApplicationSceneManifest_Generation = YES;
				INFOPLIST_KEY_UIApplicationSupportsIndirectInputEvents = YES;
				INFOPLIST_KEY_UILaunchScreen_Generation = YES;
				INFOPLIST_KEY_UISupportedInterfaceOrientations_iPad = "UIInterfaceOrientationPortrait UIInterfaceOrientationPortraitUpsideDown UIInterfaceOrientationLandscapeLeft UIInterfaceOrientationLandscapeRight";
				INFOPLIST_KEY_UISupportedInterfaceOrientations_iPhone = "UIInterfaceOrientationPortrait UIInterfaceOrientationLandscapeLeft UIInterfaceOrientationLandscapeRight";
				LD_RUNPATH_SEARCH_PATHS = (
					"$(inherited)",
					"@executable_path/Frameworks",
				);
				MARKETING_VERSION = 1.0;
				PRODUCT_BUNDLE_IDENTIFIER = RecycLense.RecycLense;
				PRODUCT_NAME = "$(TARGET_NAME)";
				SWIFT_EMIT_LOC_STRINGS = YES;
				SWIFT_VERSION = 5.0;
				TARGETED_DEVICE_FAMILY = "1,2";
			};
			name = Debug;
		};
		2AFEA8472D98E699006EDE77 /* Release */ = {
			isa = XCBuildConfiguration;
			buildSettings = {
				ASSETCATALOG_COMPILER_APPICON_NAME = AppIcon;
				ASSETCATALOG_COMPILER_GLOBAL_ACCENT_COLOR_NAME = AccentColor;
				CODE_SIGN_STYLE = Automatic;
				CURRENT_PROJECT_VERSION = 1;
				DEVELOPMENT_ASSET_PATHS = "\"RecycLense/Preview Content\"";
				DEVELOPMENT_TEAM = C6CB6ZAX6P;
				ENABLE_PREVIEWS = YES;
				GENERATE_INFOPLIST_FILE = YES;
				INFOPLIST_KEY_NSCameraUsageDescription = "We need access to camera for app to work";
				INFOPLIST_KEY_NSPhotoLibraryUsageDescription = "We need access to photo library for app to function";
				INFOPLIST_KEY_UIApplicationSceneManifest_Generation = YES;
				INFOPLIST_KEY_UIApplicationSupportsIndirectInputEvents = YES;
				INFOPLIST_KEY_UILaunchScreen_Generation = YES;
				INFOPLIST_KEY_UISupportedInterfaceOrientations_iPad = "UIInterfaceOrientationPortrait UIInterfaceOrientationPortraitUpsideDown UIInterfaceOrientationLandscapeLeft UIInterfaceOrientationLandscapeRight";
				INFOPLIST_KEY_UISupportedInterfaceOrientations_iPhone = "UIInterfaceOrientationPortrait UIInterfaceOrientationLandscapeLeft UIInterfaceOrientationLandscapeRight";
				LD_RUNPATH_SEARCH_PATHS = (
					"$(inherited)",
					"@executable_path/Frameworks",
				);
				MARKETING_VERSION = 1.0;
				PRODUCT_BUNDLE_IDENTIFIER = RecycLense.RecycLense;
				PRODUCT_NAME = "$(TARGET_NAME)";
				SWIFT_EMIT_LOC_STRINGS = YES;
				SWIFT_VERSION = 5.0;
				TARGETED_DEVICE_FAMILY = "1,2";
			};
			name = Release;
		};
		2AFEA8492D98E699006EDE77 /* Debug */ = {
			isa = XCBuildConfiguration;
			buildSettings = {
				BUNDLE_LOADER = "$(TEST_HOST)";
				CODE_SIGN_STYLE = Automatic;
				CURRENT_PROJECT_VERSION = 1;
				GENERATE_INFOPLIST_FILE = YES;
				IPHONEOS_DEPLOYMENT_TARGET = 18.2;
				MARKETING_VERSION = 1.0;
				PRODUCT_BUNDLE_IDENTIFIER = RecycLense.RecycLenseTests;
				PRODUCT_NAME = "$(TARGET_NAME)";
				SWIFT_EMIT_LOC_STRINGS = NO;
				SWIFT_VERSION = 5.0;
				TARGETED_DEVICE_FAMILY = "1,2";
				TEST_HOST = "$(BUILT_PRODUCTS_DIR)/RL_FrontEnd.app/$(BUNDLE_EXECUTABLE_FOLDER_PATH)/RL_FrontEnd";
			};
			name = Debug;
		};
		2AFEA84A2D98E699006EDE77 /* Release */ = {
			isa = XCBuildConfiguration;
			buildSettings = {
				BUNDLE_LOADER = "$(TEST_HOST)";
				CODE_SIGN_STYLE = Automatic;
				CURRENT_PROJECT_VERSION = 1;
				GENERATE_INFOPLIST_FILE = YES;
				IPHONEOS_DEPLOYMENT_TARGET = 18.2;
				MARKETING_VERSION = 1.0;
				PRODUCT_BUNDLE_IDENTIFIER = RecycLense.RecycLenseTests;
				PRODUCT_NAME = "$(TARGET_NAME)";
				SWIFT_EMIT_LOC_STRINGS = NO;
				SWIFT_VERSION = 5.0;
				TARGETED_DEVICE_FAMILY = "1,2";
				TEST_HOST = "$(BUILT_PRODUCTS_DIR)/RL_FrontEnd.app/$(BUNDLE_EXECUTABLE_FOLDER_PATH)/RL_FrontEnd";
			};
			name = Release;
		};
		2AFEA84C2D98E699006EDE77 /* Debug */ = {
			isa = XCBuildConfiguration;
			buildSettings = {
				CODE_SIGN_STYLE = Automatic;
				CURRENT_PROJECT_VERSION = 1;
				GENERATE_INFOPLIST_FILE = YES;
				MARKETING_VERSION = 1.0;
				PRODUCT_BUNDLE_IDENTIFIER = RecycLense.RecycLenseUITests;
				PRODUCT_NAME = "$(TARGET_NAME)";
				SWIFT_EMIT_LOC_STRINGS = NO;
				SWIFT_VERSION = 5.0;
				TARGETED_DEVICE_FAMILY = "1,2";
				TEST_TARGET_NAME = RecycLense;
			};
			name = Debug;
		};
		2AFEA84D2D98E699006EDE77 /* Release */ = {
			isa = XCBuildConfiguration;
			buildSettings = {
				CODE_SIGN_STYLE = Automatic;
				CURRENT_PROJECT_VERSION = 1;
				GENERATE_INFOPLIST_FILE = YES;
				MARKETING_VERSION = 1.0;
				PRODUCT_BUNDLE_IDENTIFIER = RecycLense.RecycLenseUITests;
				PRODUCT_NAME = "$(TARGET_NAME)";
				SWIFT_EMIT_LOC_STRINGS = NO;
				SWIFT_VERSION = 5.0;
				TARGETED_DEVICE_FAMILY = "1,2";
				TEST_TARGET_NAME = RecycLense;
			};
			name = Release;
		};
/* End XCBuildConfiguration section */

/* Begin XCConfigurationList section */
		2AFEA81C2D98E698006EDE77 /* Build configuration list for PBXProject "RL_FrontEnd" */ = {
			isa = XCConfigurationList;
			buildConfigurations = (
				2AFEA8432D98E699006EDE77 /* Debug */,
				2AFEA8442D98E699006EDE77 /* Release */,
			);
			defaultConfigurationIsVisible = 0;
			defaultConfigurationName = Release;
		};
		2AFEA8452D98E699006EDE77 /* Build configuration list for PBXNativeTarget "RL_FrontEnd" */ = {
			isa = XCConfigurationList;
			buildConfigurations = (
				2AFEA8462D98E699006EDE77 /* Debug */,
				2AFEA8472D98E699006EDE77 /* Release */,
			);
			defaultConfigurationIsVisible = 0;
			defaultConfigurationName = Release;
		};
		2AFEA8482D98E699006EDE77 /* Build configuration list for PBXNativeTarget "RL_FrontEndTests" */ = {
			isa = XCConfigurationList;
			buildConfigurations = (
				2AFEA8492D98E699006EDE77 /* Debug */,
				2AFEA84A2D98E699006EDE77 /* Release */,
			);
			defaultConfigurationIsVisible = 0;
			defaultConfigurationName = Release;
		};
		2AFEA84B2D98E699006EDE77 /* Build configuration list for PBXNativeTarget "RL_FrontEndUITests" */ = {
			isa = XCConfigurationList;
			buildConfigurations = (
				2AFEA84C2D98E699006EDE77 /* Debug */,
				2AFEA84D2D98E699006EDE77 /* Release */,
			);
			defaultConfigurationIsVisible = 0;
			defaultConfigurationName = Release;
		};
/* End XCConfigurationList section */
	};
	rootObject = 2AFEA8192D98E698006EDE77 /* Project object */;
}
